// !$*UTF8*$!
{
	archiveVersion = 1;
	classes = {
	};
	objectVersion = 46;
	objects = {

/* Begin PBXBuildFile section */
		D10831901DCF460C0002100E /* AppDelegate.swift in Sources */ = {isa = PBXBuildFile; fileRef = D108318F1DCF460C0002100E /* AppDelegate.swift */; };
		D10831921DCF460C0002100E /* ViewController.swift in Sources */ = {isa = PBXBuildFile; fileRef = D10831911DCF460C0002100E /* ViewController.swift */; };
		D10831951DCF460C0002100E /* Main.storyboard in Resources */ = {isa = PBXBuildFile; fileRef = D10831931DCF460C0002100E /* Main.storyboard */; };
		D10831971DCF460C0002100E /* Assets.xcassets in Resources */ = {isa = PBXBuildFile; fileRef = D10831961DCF460C0002100E /* Assets.xcassets */; };
		D108319A1DCF460C0002100E /* LaunchScreen.storyboard in Resources */ = {isa = PBXBuildFile; fileRef = D10831981DCF460C0002100E /* LaunchScreen.storyboard */; };
		D10831A51DCF460D0002100E /* SecondKadaiAppTests.swift in Sources */ = {isa = PBXBuildFile; fileRef = D10831A41DCF460D0002100E /* SecondKadaiAppTests.swift */; };
		D10831B01DCF460D0002100E /* SecondKadaiAppUITests.swift in Sources */ = {isa = PBXBuildFile; fileRef = D10831AF1DCF460D0002100E /* SecondKadaiAppUITests.swift */; };
		D10831C01DCF495C0002100E /* ResultViewController.swift in Sources */ = {isa = PBXBuildFile; fileRef = D10831BF1DCF495C0002100E /* ResultViewController.swift */; };
/* End PBXBuildFile section */

/* Begin PBXContainerItemProxy section */
		D10831A11DCF460D0002100E /* PBXContainerItemProxy */ = {
			isa = PBXContainerItemProxy;
			containerPortal = D10831841DCF460C0002100E /* Project object */;
			proxyType = 1;
			remoteGlobalIDString = D108318B1DCF460C0002100E;
			remoteInfo = SecondKadaiApp;
		};
		D10831AC1DCF460D0002100E /* PBXContainerItemProxy */ = {
			isa = PBXContainerItemProxy;
			containerPortal = D10831841DCF460C0002100E /* Project object */;
			proxyType = 1;
			remoteGlobalIDString = D108318B1DCF460C0002100E;
			remoteInfo = SecondKadaiApp;
		};
/* End PBXContainerItemProxy section */

/* Begin PBXFileReference section */
		D108318C1DCF460C0002100E /* SecondKadaiApp.app */ = {isa = PBXFileReference; explicitFileType = wrapper.application; includeInIndex = 0; path = SecondKadaiApp.app; sourceTree = BUILT_PRODUCTS_DIR; };
		D108318F1DCF460C0002100E /* AppDelegate.swift */ = {isa = PBXFileReference; lastKnownFileType = sourcecode.swift; path = AppDelegate.swift; sourceTree = "<group>"; };
		D10831911DCF460C0002100E /* ViewController.swift */ = {isa = PBXFileReference; lastKnownFileType = sourcecode.swift; path = ViewController.swift; sourceTree = "<group>"; };
		D10831941DCF460C0002100E /* Base */ = {isa = PBXFileReference; lastKnownFileType = file.storyboard; name = Base; path = Base.lproj/Main.storyboard; sourceTree = "<group>"; };
		D10831961DCF460C0002100E /* Assets.xcassets */ = {isa = PBXFileReference; lastKnownFileType = folder.assetcatalog; path = Assets.xcassets; sourceTree = "<group>"; };
		D10831991DCF460C0002100E /* Base */ = {isa = PBXFileReference; lastKnownFileType = file.storyboard; name = Base; path = Base.lproj/LaunchScreen.storyboard; sourceTree = "<group>"; };
		D108319B1DCF460C0002100E /* Info.plist */ = {isa = PBXFileReference; lastKnownFileType = text.plist.xml; path = Info.plist; sourceTree = "<group>"; };
		D10831A01DCF460D0002100E /* SecondKadaiAppTests.xctest */ = {isa = PBXFileReference; explicitFileType = wrapper.cfbundle; includeInIndex = 0; path = SecondKadaiAppTests.xctest; sourceTree = BUILT_PRODUCTS_DIR; };
		D10831A41DCF460D0002100E /* SecondKadaiAppTests.swift */ = {isa = PBXFileReference; lastKnownFileType = sourcecode.swift; path = SecondKadaiAppTests.swift; sourceTree = "<group>"; };
		D10831A61DCF460D0002100E /* Info.plist */ = {isa = PBXFileReference; lastKnownFileType = text.plist.xml; path = Info.plist; sourceTree = "<group>"; };
		D10831AB1DCF460D0002100E /* SecondKadaiAppUITests.xctest */ = {isa = PBXFileReference; explicitFileType = wrapper.cfbundle; includeInIndex = 0; path = SecondKadaiAppUITests.xctest; sourceTree = BUILT_PRODUCTS_DIR; };
		D10831AF1DCF460D0002100E /* SecondKadaiAppUITests.swift */ = {isa = PBXFileReference; lastKnownFileType = sourcecode.swift; path = SecondKadaiAppUITests.swift; sourceTree = "<group>"; };
		D10831B11DCF460D0002100E /* Info.plist */ = {isa = PBXFileReference; lastKnownFileType = text.plist.xml; path = Info.plist; sourceTree = "<group>"; };
		D10831BF1DCF495C0002100E /* ResultViewController.swift */ = {isa = PBXFileReference; fileEncoding = 4; lastKnownFileType = sourcecode.swift; name = ResultViewController.swift; path = ../ResultViewController.swift; sourceTree = "<group>"; };
/* End PBXFileReference section */

/* Begin PBXFrameworksBuildPhase section */
		D10831891DCF460C0002100E /* Frameworks */ = {
			isa = PBXFrameworksBuildPhase;
			buildActionMask = 2147483647;
			files = (
			);
			runOnlyForDeploymentPostprocessing = 0;
		};
		D108319D1DCF460D0002100E /* Frameworks */ = {
			isa = PBXFrameworksBuildPhase;
			buildActionMask = 2147483647;
			files = (
			);
			runOnlyForDeploymentPostprocessing = 0;
		};
		D10831A81DCF460D0002100E /* Frameworks */ = {
			isa = PBXFrameworksBuildPhase;
			buildActionMask = 2147483647;
			files = (
			);
			runOnlyForDeploymentPostprocessing = 0;
		};
/* End PBXFrameworksBuildPhase section */

/* Begin PBXGroup section */
		D10831831DCF460C0002100E = {
			isa = PBXGroup;
			children = (
				D108318E1DCF460C0002100E /* SecondKadaiApp */,
				D10831A31DCF460D0002100E /* SecondKadaiAppTests */,
				D10831AE1DCF460D0002100E /* SecondKadaiAppUITests */,
				D108318D1DCF460C0002100E /* Products */,
			);
			sourceTree = "<group>";
		};
		D108318D1DCF460C0002100E /* Products */ = {
			isa = PBXGroup;
			children = (
				D108318C1DCF460C0002100E /* SecondKadaiApp.app */,
				D10831A01DCF460D0002100E /* SecondKadaiAppTests.xctest */,
				D10831AB1DCF460D0002100E /* SecondKadaiAppUITests.xctest */,
			);
			name = Products;
			sourceTree = "<group>";
		};
		D108318E1DCF460C0002100E /* SecondKadaiApp */ = {
			isa = PBXGroup;
			children = (
				D10831BF1DCF495C0002100E /* ResultViewController.swift */,
				D108318F1DCF460C0002100E /* AppDelegate.swift */,
				D10831911DCF460C0002100E /* ViewController.swift */,
				D10831931DCF460C0002100E /* Main.storyboard */,
				D10831961DCF460C0002100E /* Assets.xcassets */,
				D10831981DCF460C0002100E /* LaunchScreen.storyboard */,
				D108319B1DCF460C0002100E /* Info.plist */,
			);
			path = SecondKadaiApp;
			sourceTree = "<group>";
		};
		D10831A31DCF460D0002100E /* SecondKadaiAppTests */ = {
			isa = PBXGroup;
			children = (
				D10831A41DCF460D0002100E /* SecondKadaiAppTests.swift */,
				D10831A61DCF460D0002100E /* Info.plist */,
			);
			path = SecondKadaiAppTests;
			sourceTree = "<group>";
		};
		D10831AE1DCF460D0002100E /* SecondKadaiAppUITests */ = {
			isa = PBXGroup;
			children = (
				D10831AF1DCF460D0002100E /* SecondKadaiAppUITests.swift */,
				D10831B11DCF460D0002100E /* Info.plist */,
			);
			path = SecondKadaiAppUITests;
			sourceTree = "<group>";
		};
/* End PBXGroup section */

/* Begin PBXNativeTarget section */
		D108318B1DCF460C0002100E /* SecondKadaiApp */ = {
			isa = PBXNativeTarget;
			buildConfigurationList = D10831B41DCF460D0002100E /* Build configuration list for PBXNativeTarget "SecondKadaiApp" */;
			buildPhases = (
				D10831881DCF460C0002100E /* Sources */,
				D10831891DCF460C0002100E /* Frameworks */,
				D108318A1DCF460C0002100E /* Resources */,
			);
			buildRules = (
			);
			dependencies = (
			);
			name = SecondKadaiApp;
			productName = SecondKadaiApp;
			productReference = D108318C1DCF460C0002100E /* SecondKadaiApp.app */;
			productType = "com.apple.product-type.application";
		};
		D108319F1DCF460D0002100E /* SecondKadaiAppTests */ = {
			isa = PBXNativeTarget;
			buildConfigurationList = D10831B71DCF460D0002100E /* Build configuration list for PBXNativeTarget "SecondKadaiAppTests" */;
			buildPhases = (
				D108319C1DCF460D0002100E /* Sources */,
				D108319D1DCF460D0002100E /* Frameworks */,
				D108319E1DCF460D0002100E /* Resources */,
			);
			buildRules = (
			);
			dependencies = (
				D10831A21DCF460D0002100E /* PBXTargetDependency */,
			);
			name = SecondKadaiAppTests;
			productName = SecondKadaiAppTests;
			productReference = D10831A01DCF460D0002100E /* SecondKadaiAppTests.xctest */;
			productType = "com.apple.product-type.bundle.unit-test";
		};
		D10831AA1DCF460D0002100E /* SecondKadaiAppUITests */ = {
			isa = PBXNativeTarget;
			buildConfigurationList = D10831BA1DCF460D0002100E /* Build configuration list for PBXNativeTarget "SecondKadaiAppUITests" */;
			buildPhases = (
				D10831A71DCF460D0002100E /* Sources */,
				D10831A81DCF460D0002100E /* Frameworks */,
				D10831A91DCF460D0002100E /* Resources */,
			);
			buildRules = (
			);
			dependencies = (
				D10831AD1DCF460D0002100E /* PBXTargetDependency */,
			);
			name = SecondKadaiAppUITests;
			productName = SecondKadaiAppUITests;
			productReference = D10831AB1DCF460D0002100E /* SecondKadaiAppUITests.xctest */;
			productType = "com.apple.product-type.bundle.ui-testing";
		};
/* End PBXNativeTarget section */

/* Begin PBXProject section */
		D10831841DCF460C0002100E /* Project object */ = {
			isa = PBXProject;
			attributes = {
				LastSwiftUpdateCheck = 0800;
				LastUpgradeCheck = 0800;
				ORGANIZATIONNAME = "タケダ　アスカ";
				TargetAttributes = {
					D108318B1DCF460C0002100E = {
						CreatedOnToolsVersion = 8.0;
						ProvisioningStyle = Automatic;
					};
					D108319F1DCF460D0002100E = {
						CreatedOnToolsVersion = 8.0;
						ProvisioningStyle = Automatic;
						TestTargetID = D108318B1DCF460C0002100E;
					};
					D10831AA1DCF460D0002100E = {
						CreatedOnToolsVersion = 8.0;
						ProvisioningStyle = Automatic;
						TestTargetID = D108318B1DCF460C0002100E;
					};
				};
			};
			buildConfigurationList = D10831871DCF460C0002100E /* Build configuration list for PBXProject "SecondKadaiApp" */;
			compatibilityVersion = "Xcode 3.2";
			developmentRegion = English;
			hasScannedForEncodings = 0;
			knownRegions = (
				en,
				Base,
			);
			mainGroup = D10831831DCF460C0002100E;
			productRefGroup = D108318D1DCF460C0002100E /* Products */;
			projectDirPath = "";
			projectRoot = "";
			targets = (
				D108318B1DCF460C0002100E /* SecondKadaiApp */,
				D108319F1DCF460D0002100E /* SecondKadaiAppTests */,
				D10831AA1DCF460D0002100E /* SecondKadaiAppUITests */,
			);
		};
/* End PBXProject section */

/* Begin PBXResourcesBuildPhase section */
		D108318A1DCF460C0002100E /* Resources */ = {
			isa = PBXResourcesBuildPhase;
			buildActionMask = 2147483647;
			files = (
				D108319A1DCF460C0002100E /* LaunchScreen.storyboard in Resources */,
				D10831971DCF460C0002100E /* Assets.xcassets in Resources */,
				D10831951DCF460C0002100E /* Main.storyboard in Resources */,
			);
			runOnlyForDeploymentPostprocessing = 0;
		};
		D108319E1DCF460D0002100E /* Resources */ = {
			isa = PBXResourcesBuildPhase;
			buildActionMask = 2147483647;
			files = (
			);
			runOnlyForDeploymentPostprocessing = 0;
		};
		D10831A91DCF460D0002100E /* Resources */ = {
			isa = PBXResourcesBuildPhase;
			buildActionMask = 2147483647;
			files = (
			);
			runOnlyForDeploymentPostprocessing = 0;
		};
/* End PBXResourcesBuildPhase section */

/* Begin PBXSourcesBuildPhase section */
		D10831881DCF460C0002100E /* Sources */ = {
			isa = PBXSourcesBuildPhase;
			buildActionMask = 2147483647;
			files = (
				D10831921DCF460C0002100E /* ViewController.swift in Sources */,
				D10831901DCF460C0002100E /* AppDelegate.swift in Sources */,
				D10831C01DCF495C0002100E /* ResultViewController.swift in Sources */,
			);
			runOnlyForDeploymentPostprocessing = 0;
		};
		D108319C1DCF460D0002100E /* Sources */ = {
			isa = PBXSourcesBuildPhase;
			buildActionMask = 2147483647;
			files = (
				D10831A51DCF460D0002100E /* SecondKadaiAppTests.swift in Sources */,
			);
			runOnlyForDeploymentPostprocessing = 0;
		};
		D10831A71DCF460D0002100E /* Sources */ = {
			isa = PBXSourcesBuildPhase;
			buildActionMask = 2147483647;
			files = (
				D10831B01DCF460D0002100E /* SecondKadaiAppUITests.swift in Sources */,
			);
			runOnlyForDeploymentPostprocessing = 0;
		};
/* End PBXSourcesBuildPhase section */

/* Begin PBXTargetDependency section */
		D10831A21DCF460D0002100E /* PBXTargetDependency */ = {
			isa = PBXTargetDependency;
			target = D108318B1DCF460C0002100E /* SecondKadaiApp */;
			targetProxy = D10831A11DCF460D0002100E /* PBXContainerItemProxy */;
		};
		D10831AD1DCF460D0002100E /* PBXTargetDependency */ = {
			isa = PBXTargetDependency;
			target = D108318B1DCF460C0002100E /* SecondKadaiApp */;
			targetProxy = D10831AC1DCF460D0002100E /* PBXContainerItemProxy */;
		};
/* End PBXTargetDependency section */

/* Begin PBXVariantGroup section */
		D10831931DCF460C0002100E /* Main.storyboard */ = {
			isa = PBXVariantGroup;
			children = (
				D10831941DCF460C0002100E /* Base */,
			);
			name = Main.storyboard;
			sourceTree = "<group>";
		};
		D10831981DCF460C0002100E /* LaunchScreen.storyboard */ = {
			isa = PBXVariantGroup;
			children = (
				D10831991DCF460C0002100E /* Base */,
			);
			name = LaunchScreen.storyboard;
			sourceTree = "<group>";
		};
/* End PBXVariantGroup section */

/* Begin XCBuildConfiguration section */
		D10831B21DCF460D0002100E /* Debug */ = {
			isa = XCBuildConfiguration;
			buildSettings = {
				ALWAYS_SEARCH_USER_PATHS = NO;
				CLANG_ANALYZER_NONNULL = YES;
				CLANG_CXX_LANGUAGE_STANDARD = "gnu++0x";
				CLANG_CXX_LIBRARY = "libc++";
				CLANG_ENABLE_MODULES = YES;
				CLANG_ENABLE_OBJC_ARC = YES;
				CLANG_WARN_BOOL_CONVERSION = YES;
				CLANG_WARN_CONSTANT_CONVERSION = YES;
				CLANG_WARN_DIRECT_OBJC_ISA_USAGE = YES_ERROR;
				CLANG_WARN_DOCUMENTATION_COMMENTS = YES;
				CLANG_WARN_EMPTY_BODY = YES;
				CLANG_WARN_ENUM_CONVERSION = YES;
				CLANG_WARN_INFINITE_RECURSION = YES;
				CLANG_WARN_INT_CONVERSION = YES;
				CLANG_WARN_OBJC_ROOT_CLASS = YES_ERROR;
				CLANG_WARN_SUSPICIOUS_MOVES = YES;
				CLANG_WARN_UNREACHABLE_CODE = YES;
				CLANG_WARN__DUPLICATE_METHOD_MATCH = YES;
				"CODE_SIGN_IDENTITY[sdk=iphoneos*]" = "iPhone Developer";
				COPY_PHASE_STRIP = NO;
				DEBUG_INFORMATION_FORMAT = dwarf;
				ENABLE_STRICT_OBJC_MSGSEND = YES;
				ENABLE_TESTABILITY = YES;
				GCC_C_LANGUAGE_STANDARD = gnu99;
				GCC_DYNAMIC_NO_PIC = NO;
				GCC_NO_COMMON_BLOCKS = YES;
				GCC_OPTIMIZATION_LEVEL = 0;
				GCC_PREPROCESSOR_DEFINITIONS = (
					"DEBUG=1",
					"$(inherited)",
				);
				GCC_WARN_64_TO_32_BIT_CONVERSION = YES;
				GCC_WARN_ABOUT_RETURN_TYPE = YES_ERROR;
				GCC_WARN_UNDECLARED_SELECTOR = YES;
				GCC_WARN_UNINITIALIZED_AUTOS = YES_AGGRESSIVE;
				GCC_WARN_UNUSED_FUNCTION = YES;
				GCC_WARN_UNUSED_VARIABLE = YES;
				IPHONEOS_DEPLOYMENT_TARGET = 10.0;
				MTL_ENABLE_DEBUG_INFO = YES;
				ONLY_ACTIVE_ARCH = YES;
				SDKROOT = iphoneos;
				SWIFT_ACTIVE_COMPILATION_CONDITIONS = DEBUG;
				SWIFT_OPTIMIZATION_LEVEL = "-Onone";
			};
			name = Debug;
		};
		D10831B31DCF460D0002100E /* Release */ = {
			isa = XCBuildConfiguration;
			buildSettings = {
				ALWAYS_SEARCH_USER_PATHS = NO;
				CLANG_ANALYZER_NONNULL = YES;
				CLANG_CXX_LANGUAGE_STANDARD = "gnu++0x";
				CLANG_CXX_LIBRARY = "libc++";
				CLANG_ENABLE_MODULES = YES;
				CLANG_ENABLE_OBJC_ARC = YES;
				CLANG_WARN_BOOL_CONVERSION = YES;
				CLANG_WARN_CONSTANT_CONVERSION = YES;
				CLANG_WARN_DIRECT_OBJC_ISA_USAGE = YES_ERROR;
				CLANG_WARN_DOCUMENTATION_COMMENTS = YES;
				CLANG_WARN_EMPTY_BODY = YES;
				CLANG_WARN_ENUM_CONVERSION = YES;
				CLANG_WARN_INFINITE_RECURSION = YES;
				CLANG_WARN_INT_CONVERSION = YES;
				CLANG_WARN_OBJC_ROOT_CLASS = YES_ERROR;
				CLANG_WARN_SUSPICIOUS_MOVES = YES;
				CLANG_WARN_UNREACHABLE_CODE = YES;
				CLANG_WARN__DUPLICATE_METHOD_MATCH = YES;
				"CODE_SIGN_IDENTITY[sdk=iphoneos*]" = "iPhone Developer";
				COPY_PHASE_STRIP = NO;
				DEBUG_INFORMATION_FORMAT = "dwarf-with-dsym";
				ENABLE_NS_ASSERTIONS = NO;
				ENABLE_STRICT_OBJC_MSGSEND = YES;
				GCC_C_LANGUAGE_STANDARD = gnu99;
				GCC_NO_COMMON_BLOCKS = YES;
				GCC_WARN_64_TO_32_BIT_CONVERSION = YES;
				GCC_WARN_ABOUT_RETURN_TYPE = YES_ERROR;
				GCC_WARN_UNDECLARED_SELECTOR = YES;
				GCC_WARN_UNINITIALIZED_AUTOS = YES_AGGRESSIVE;
				GCC_WARN_UNUSED_FUNCTION = YES;
				GCC_WARN_UNUSED_VARIABLE = YES;
				IPHONEOS_DEPLOYMENT_TARGET = 10.0;
				MTL_ENABLE_DEBUG_INFO = NO;
				SDKROOT = iphoneos;
				SWIFT_OPTIMIZATION_LEVEL = "-Owholemodule";
				VALIDATE_PRODUCT = YES;
			};
			name = Release;
		};
		D10831B51DCF460D0002100E /* Debug */ = {
			isa = XCBuildConfiguration;
			buildSettings = {
				ASSETCATALOG_COMPILER_APPICON_NAME = AppIcon;
				INFOPLIST_FILE = SecondKadaiApp/Info.plist;
				LD_RUNPATH_SEARCH_PATHS = "$(inherited) @executable_path/Frameworks";
				PRODUCT_BUNDLE_IDENTIFIER = jp.techacademy.asuka.takeda.SecondKadaiApp;
				PRODUCT_NAME = "$(TARGET_NAME)";
				SWIFT_VERSION = 3.0;
			};
			name = Debug;
		};
		D10831B61DCF460D0002100E /* Release */ = {
			isa = XCBuildConfiguration;
			buildSettings = {
				ASSETCATALOG_COMPILER_APPICON_NAME = AppIcon;
				INFOPLIST_FILE = SecondKadaiApp/Info.plist;
				LD_RUNPATH_SEARCH_PATHS = "$(inherited) @executable_path/Frameworks";
				PRODUCT_BUNDLE_IDENTIFIER = jp.techacademy.asuka.takeda.SecondKadaiApp;
				PRODUCT_NAME = "$(TARGET_NAME)";
				SWIFT_VERSION = 3.0;
			};
			name = Release;
		};
		D10831B81DCF460D0002100E /* Debug */ = {
			isa = XCBuildConfiguration;
			buildSettings = {
				ALWAYS_EMBED_SWIFT_STANDARD_LIBRARIES = YES;
				BUNDLE_LOADER = "$(TEST_HOST)";
				INFOPLIST_FILE = SecondKadaiAppTests/Info.plist;
				LD_RUNPATH_SEARCH_PATHS = "$(inherited) @executable_path/Frameworks @loader_path/Frameworks";
				PRODUCT_BUNDLE_IDENTIFIER = jp.techacademy.asuka.takeda.SecondKadaiAppTests;
				PRODUCT_NAME = "$(TARGET_NAME)";
				SWIFT_VERSION = 3.0;
				TEST_HOST = "$(BUILT_PRODUCTS_DIR)/SecondKadaiApp.app/SecondKadaiApp";
			};
			name = Debug;
		};
		D10831B91DCF460D0002100E /* Release */ = {
			isa = XCBuildConfiguration;
			buildSettings = {
				ALWAYS_EMBED_SWIFT_STANDARD_LIBRARIES = YES;
				BUNDLE_LOADER = "$(TEST_HOST)";
				INFOPLIST_FILE = SecondKadaiAppTests/Info.plist;
				LD_RUNPATH_SEARCH_PATHS = "$(inherited) @executable_path/Frameworks @loader_path/Frameworks";
				PRODUCT_BUNDLE_IDENTIFIER = jp.techacademy.asuka.takeda.SecondKadaiAppTests;
				PRODUCT_NAME = "$(TARGET_NAME)";
				SWIFT_VERSION = 3.0;
				TEST_HOST = "$(BUILT_PRODUCTS_DIR)/SecondKadaiApp.app/SecondKadaiApp";
			};
			name = Release;
		};
		D10831BB1DCF460D0002100E /* Debug */ = {
			isa = XCBuildConfiguration;
			buildSettings = {
				ALWAYS_EMBED_SWIFT_STANDARD_LIBRARIES = YES;
				INFOPLIST_FILE = SecondKadaiAppUITests/Info.plist;
				LD_RUNPATH_SEARCH_PATHS = "$(inherited) @executable_path/Frameworks @loader_path/Frameworks";
				PRODUCT_BUNDLE_IDENTIFIER = jp.techacademy.asuka.takeda.SecondKadaiAppUITests;
				PRODUCT_NAME = "$(TARGET_NAME)";
				SWIFT_VERSION = 3.0;
				TEST_TARGET_NAME = SecondKadaiApp;
			};
			name = Debug;
		};
		D10831BC1DCF460D0002100E /* Release */ = {
			isa = XCBuildConfiguration;
			buildSettings = {
				ALWAYS_EMBED_SWIFT_STANDARD_LIBRARIES = YES;
				INFOPLIST_FILE = SecondKadaiAppUITests/Info.plist;
				LD_RUNPATH_SEARCH_PATHS = "$(inherited) @executable_path/Frameworks @loader_path/Frameworks";
				PRODUCT_BUNDLE_IDENTIFIER = jp.techacademy.asuka.takeda.SecondKadaiAppUITests;
				PRODUCT_NAME = "$(TARGET_NAME)";
				SWIFT_VERSION = 3.0;
				TEST_TARGET_NAME = SecondKadaiApp;
			};
			name = Release;
		};
/* End XCBuildConfiguration section */

/* Begin XCConfigurationList section */
		D10831871DCF460C0002100E /* Build configuration list for PBXProject "SecondKadaiApp" */ = {
			isa = XCConfigurationList;
			buildConfigurations = (
				D10831B21DCF460D0002100E /* Debug */,
				D10831B31DCF460D0002100E /* Release */,
			);
			defaultConfigurationIsVisible = 0;
			defaultConfigurationName = Release;
		};
		D10831B41DCF460D0002100E /* Build configuration list for PBXNativeTarget "SecondKadaiApp" */ = {
			isa = XCConfigurationList;
			buildConfigurations = (
				D10831B51DCF460D0002100E /* Debug */,
				D10831B61DCF460D0002100E /* Release */,
			);
			defaultConfigurationIsVisible = 0;
		};
		D10831B71DCF460D0002100E /* Build configuration list for PBXNativeTarget "SecondKadaiAppTests" */ = {
			isa = XCConfigurationList;
			buildConfigurations = (
				D10831B81DCF460D0002100E /* Debug */,
				D10831B91DCF460D0002100E /* Release */,
			);
			defaultConfigurationIsVisible = 0;
		};
		D10831BA1DCF460D0002100E /* Build configuration list for PBXNativeTarget "SecondKadaiAppUITests" */ = {
			isa = XCConfigurationList;
			buildConfigurations = (
				D10831BB1DCF460D0002100E /* Debug */,
				D10831BC1DCF460D0002100E /* Release */,
			);
			defaultConfigurationIsVisible = 0;
		};
/* End XCConfigurationList section */
	};
	rootObject = D10831841DCF460C0002100E /* Project object */;
}
